
Microsoft Visual Studio Solution File, Format Version 12.00
# Visual Studio Version 17
VisualStudioVersion = 17.8.34408.163
MinimumVisualStudioVersion = 10.0.40219.1
Project("{FAE04EC0-301F-11D3-BF4B-00C04F79EFBC}") = "Xadrez", "Xadrez\Xadrez.csproj", "{FBC5ED1A-9284-42BE-856C-56507A1D7249}"
EndProject
Global
	GlobalSection(SolutionConfigurationPlatforms) = preSolution
		Debug|Any CPU = Debug|Any CPU
		Release|Any CPU = Release|Any CPU
	EndGlobalSection
	GlobalSection(ProjectConfigurationPlatforms) = postSolution
		{FBC5ED1A-9284-42BE-856C-56507A1D7249}.Debug|Any CPU.ActiveCfg = Debug|Any CPU
		{FBC5ED1A-9284-42BE-856C-56507A1D7249}.Debug|Any CPU.Build.0 = Debug|Any CPU
		{FBC5ED1A-9284-42BE-856C-56507A1D7249}.Release|Any CPU.ActiveCfg = Release|Any CPU
		{FBC5ED1A-9284-42BE-856C-56507A1D7249}.Release|Any CPU.Build.0 = Release|Any CPU
	EndGlobalSection
	GlobalSection(SolutionProperties) = preSolution
		HideSolutionNode = FALSE
	EndGlobalSection
	GlobalSection(ExtensibilityGlobals) = postSolution
		SolutionGuid = {77981227-83E8-4CF1-AA6E-264D3AB75AD2}
	EndGlobalSection
EndGlobal
